
Microsoft Visual Studio Solution File, Format Version 12.00
# Visual Studio Version 16
VisualStudioVersion = 16.0.32630.194
MinimumVisualStudioVersion = 10.0.40219.1
Project("{FAE04EC0-301F-11D3-BF4B-00C04F79EFBC}") = "GeocodeApi", "GeocodeApi\GeocodeApi.csproj", "{CFD629A5-4411-421E-9A4C-6409A9EA1584}"
EndProject
Global
	GlobalSection(SolutionConfigurationPlatforms) = preSolution
		Debug|Any CPU = Debug|Any CPU
		Release|Any CPU = Release|Any CPU
	EndGlobalSection
	GlobalSection(ProjectConfigurationPlatforms) = postSolution
		{CFD629A5-4411-421E-9A4C-6409A9EA1584}.Debug|Any CPU.ActiveCfg = Debug|Any CPU
		{CFD629A5-4411-421E-9A4C-6409A9EA1584}.Debug|Any CPU.Build.0 = Debug|Any CPU
		{CFD629A5-4411-421E-9A4C-6409A9EA1584}.Release|Any CPU.ActiveCfg = Release|Any CPU
		{CFD629A5-4411-421E-9A4C-6409A9EA1584}.Release|Any CPU.Build.0 = Release|Any CPU
	EndGlobalSection
	GlobalSection(SolutionProperties) = preSolution
		HideSolutionNode = FALSE
	EndGlobalSection
	GlobalSection(ExtensibilityGlobals) = postSolution
		SolutionGuid = {8F98CA87-6529-4487-B835-9DBC8940E735}
	EndGlobalSection
EndGlobal
